{
    "_readme": [
        "This file locks the dependencies of your project to a known state",
        "Read more about it at https://getcomposer.org/doc/01-basic-usage.md#installing-dependencies",
        "This file is @generated automatically"
    ],
    "content-hash": "f209605fa4b5bbd9628c82b548cf6cd8",
    "packages": [
        {
            "name": "benlumia007/backdrop-container",
            "version": "v1.0.0.x-dev",
            "source": {
                "type": "git",
                "url": "https://github.com/benlumia007/backdrop-container.git",
                "reference": "be2f7e0588ca29942025835b63cc4a6798c940ce"
            },
            "dist": {
                "type": "zip",
                "url": "https://api.github.com/repos/benlumia007/backdrop-container/zipball/be2f7e0588ca29942025835b63cc4a6798c940ce",
                "reference": "be2f7e0588ca29942025835b63cc4a6798c940ce",
                "shasum": ""
            },
            "require": {
                "benlumia007/backdrop-contracts": "v1.0.0.x-dev",
                "php": ">=7.4.3"
            },
            "default-branch": true,
            "type": "library",
            "autoload": {
                "psr-4": {
                    "Benlumia007\\Backdrop\\Container\\": "src"
                }
            },
            "notification-url": "https://packagist.org/downloads/",
            "license": [
                "GPL-2.0-or-later"
            ],
            "authors": [
                {
                    "name": "Benjamin Lu",
                    "email": "benlumia007@gmail.com",
                    "homepage": "https://benjlu.com",
                    "role": "Developer"
                }
            ],
            "description": "Backdrop Contracts for Backdrop framework.",
            "homepage": "https://github.com/benlumia007/backdrop-container",
            "keywords": [
                "classicpress",
                "wordpress"
            ],
            "support": {
                "issues": "https://github.com/benlumia007/backdrop-container/issues",
                "source": "https://github.com/benlumia007/backdrop-container/tree/v1.0.0"
            },
            "time": "2022-05-26T20:44:17+00:00"
        },
        {
            "name": "benlumia007/backdrop-contracts",
            "version": "v1.0.0.x-dev",
            "source": {
                "type": "git",
                "url": "https://github.com/benlumia007/backdrop-contracts.git",
                "reference": "2715ad29040a4584eda31884e1c75db094d92ca0"
            },
            "dist": {
                "type": "zip",
                "url": "https://api.github.com/repos/benlumia007/backdrop-contracts/zipball/2715ad29040a4584eda31884e1c75db094d92ca0",
                "reference": "2715ad29040a4584eda31884e1c75db094d92ca0",
                "shasum": ""
            },
            "require": {
                "php": ">=7.4.3"
            },
            "default-branch": true,
            "type": "library",
            "autoload": {
                "psr-4": {
                    "Benlumia007\\Backdrop\\Contracts\\": "src"
                }
            },
            "notification-url": "https://packagist.org/downloads/",
            "license": [
                "GPL-2.0-or-later"
            ],
            "authors": [
                {
                    "name": "Benjamin Lu",
                    "email": "benlumia007@gmail.com",
                    "homepage": "https://benjlu.com",
                    "role": "Developer"
                }
            ],
            "description": "Backdrop Contracts for Backdrop framework.",
            "homepage": "https://github.com/benlumia007/backdrop-contracts",
            "keywords": [
                "classicpress",
                "wordpress"
            ],
            "support": {
                "issues": "https://github.com/benlumia007/backdrop-contracts/issues",
                "source": "https://github.com/benlumia007/backdrop-contracts/tree/v1.0.0"
            },
            "time": "2022-05-26T19:55:57+00:00"
        },
        {
            "name": "benlumia007/backdrop-proxies",
            "version": "v1.0.0.x-dev",
            "source": {
                "type": "git",
                "url": "https://github.com/benlumia007/backdrop-proxies.git",
                "reference": "48af31456b688c9e90b608ea53d20fb4b7babc00"
            },
            "dist": {
                "type": "zip",
                "url": "https://api.github.com/repos/benlumia007/backdrop-proxies/zipball/48af31456b688c9e90b608ea53d20fb4b7babc00",
                "reference": "48af31456b688c9e90b608ea53d20fb4b7babc00",
                "shasum": ""
            },
            "require": {
                "benlumia007/backdrop-contracts": "v1.0.0.x-dev",
                "php": ">=7.4.3"
            },
            "default-branch": true,
            "type": "library",
            "autoload": {
                "psr-4": {
                    "Benlumia007\\Backdrop\\Proxies\\": "src"
                }
            },
            "notification-url": "https://packagist.org/downloads/",
            "license": [
                "GPL-2.0-or-later"
            ],
            "authors": [
                {
                    "name": "Benjamin Lu",
                    "email": "benlumia007@gmail.com",
                    "homepage": "https://benjlu.com",
                    "role": "Developer"
                }
            ],
            "description": "Backdrop Contracts for Backdrop framework.",
            "homepage": "https://github.com/benlumia007/backdrop-proxies",
            "keywords": [
                "classicpress",
                "wordpress"
            ],
            "support": {
                "issues": "https://github.com/benlumia007/backdrop-proxies/issues",
                "source": "https://github.com/benlumia007/backdrop-proxies/tree/v1.0.0"
            },
            "time": "2022-05-26T21:12:51+00:00"
        },
        {
            "name": "benlumia007/backdrop-support",
            "version": "v1.0.0.x-dev",
            "source": {
                "type": "git",
                "url": "https://github.com/benlumia007/backdrop-support.git",
                "reference": "64990dc25ac18d81070a371150c89e69568d0e22"
            },
            "dist": {
                "type": "zip",
                "url": "https://api.github.com/repos/benlumia007/backdrop-support/zipball/64990dc25ac18d81070a371150c89e69568d0e22",
                "reference": "64990dc25ac18d81070a371150c89e69568d0e22",
                "shasum": ""
            },
            "require": {
                "benlumia007/backdrop-contracts": "v1.0.0.x-dev",
                "php": ">=7.4.3"
            },
            "default-branch": true,
            "type": "library",
            "autoload": {
                "psr-4": {
                    "Benlumia007\\Backdrop\\Support\\": "src"
                }
            },
            "notification-url": "https://packagist.org/downloads/",
            "license": [
                "GPL-2.0-or-later"
            ],
            "authors": [
                {
                    "name": "Benjamin Lu",
                    "email": "benlumia007@gmail.com",
                    "homepage": "https://benjlu.com",
                    "role": "Developer"
                }
            ],
            "description": "Backdrop Contracts for Backdrop framework.",
            "homepage": "https://github.com/benlumia007/backdrop-support",
            "keywords": [
                "classicpress",
                "wordpress"
            ],
            "support": {
                "issues": "https://github.com/benlumia007/backdrop-support/issues",
                "source": "https://github.com/benlumia007/backdrop-support/tree/v1.0.0"
            },
            "time": "2022-05-26T21:06:42+00:00"
        }
    ],
    "packages-dev": [],
    "aliases": [],
    "minimum-stability": "stable",
    "stability-flags": {
        "benlumia007/backdrop-container": 20,
        "benlumia007/backdrop-contracts": 20,
        "benlumia007/backdrop-proxies": 20,
        "benlumia007/backdrop-support": 20
    },
    "prefer-stable": false,
    "prefer-lowest": false,
    "platform": {
        "php": ">=7.3.24"
    },
    "platform-dev": [],
    "plugin-api-version": "2.3.0"
}
