{
    "_readme": [
        "This file locks the dependencies of your project to a known state",
        "Read more about it at https://getcomposer.org/doc/01-basic-usage.md#installing-dependencies",
        "This file is @generated automatically"
    ],
    "content-hash": "2b87ee6e45283911e15c9883a4d37d8a",
    "packages": [
        {
            "name": "benlumia007/backdrop-container",
            "version": "1.0.0",
            "source": {
                "type": "git",
                "url": "https://github.com/benlumia007/backdrop-container.git",
                "reference": "0300ba9b4c39141c18234b063ae04c6375cfd9c5"
            },
            "dist": {
                "type": "zip",
                "url": "https://api.github.com/repos/benlumia007/backdrop-container/zipball/0300ba9b4c39141c18234b063ae04c6375cfd9c5",
                "reference": "0300ba9b4c39141c18234b063ae04c6375cfd9c5",
                "shasum": ""
            },
            "require": {
                "php": ">=7.4.29"
            },
            "type": "library",
            "autoload": {
                "psr-4": {
                    "Benlumia007\\Backdrop\\Container\\": "src"
                }
            },
            "notification-url": "https://packagist.org/downloads/",
            "license": [
                "GPL-2.0-or-later"
            ],
            "authors": [
                {
                    "name": "Benjamin Lu",
                    "email": "benlumia007@gmail.com",
                    "homepage": "https://benjlu.com",
                    "role": "Developer"
                }
            ],
            "description": "Backdrop Contracts for Backdrop framework.",
            "homepage": "https://github.com/benlumia007/backdrop-container",
            "keywords": [
                "classicpress",
                "wordpress"
            ],
            "support": {
                "issues": "https://github.com/benlumia007/backdrop-container/issues",
                "source": "https://github.com/benlumia007/backdrop-container/tree/1.0.0"
            },
            "time": "2022-05-27T06:34:21+00:00"
        },
        {
            "name": "benlumia007/backdrop-contracts",
            "version": "1.0.0",
            "source": {
                "type": "git",
                "url": "https://github.com/benlumia007/backdrop-contracts.git",
                "reference": "c0956747d116aec4acb27719dccd63e193e37b10"
            },
            "dist": {
                "type": "zip",
                "url": "https://api.github.com/repos/benlumia007/backdrop-contracts/zipball/c0956747d116aec4acb27719dccd63e193e37b10",
                "reference": "c0956747d116aec4acb27719dccd63e193e37b10",
                "shasum": ""
            },
            "require": {
                "php": ">=7.4.3"
            },
            "type": "library",
            "autoload": {
                "psr-4": {
                    "Benlumia007\\Backdrop\\Contracts\\": "src"
                }
            },
            "notification-url": "https://packagist.org/downloads/",
            "license": [
                "GPL-2.0-or-later"
            ],
            "authors": [
                {
                    "name": "Benjamin Lu",
                    "email": "benlumia007@gmail.com",
                    "homepage": "https://benjlu.com",
                    "role": "Developer"
                }
            ],
            "description": "Backdrop Contracts for Backdrop framework.",
            "homepage": "https://github.com/benlumia007/backdrop-contracts",
            "keywords": [
                "classicpress",
                "wordpress"
            ],
            "support": {
                "issues": "https://github.com/benlumia007/backdrop-contracts/issues",
                "source": "https://github.com/benlumia007/backdrop-contracts/tree/1.0.0"
            },
            "time": "2022-05-28T02:36:49+00:00"
        },
        {
            "name": "benlumia007/backdrop-proxies",
            "version": "1.0.0",
            "source": {
                "type": "git",
                "url": "https://github.com/benlumia007/backdrop-proxies.git",
                "reference": "ec925f6b3e51b0e5e3d0c2508fc169293af08add"
            },
            "dist": {
                "type": "zip",
                "url": "https://api.github.com/repos/benlumia007/backdrop-proxies/zipball/ec925f6b3e51b0e5e3d0c2508fc169293af08add",
                "reference": "ec925f6b3e51b0e5e3d0c2508fc169293af08add",
                "shasum": ""
            },
            "require": {
                "php": ">=7.4.29"
            },
            "type": "library",
            "autoload": {
                "psr-4": {
                    "Benlumia007\\Backdrop\\Proxies\\": "src"
                }
            },
            "notification-url": "https://packagist.org/downloads/",
            "license": [
                "GPL-2.0-or-later"
            ],
            "authors": [
                {
                    "name": "Benjamin Lu",
                    "email": "benlumia007@gmail.com",
                    "homepage": "https://benjlu.com",
                    "role": "Developer"
                }
            ],
            "description": "Backdrop Contracts for Backdrop framework.",
            "homepage": "https://github.com/benlumia007/backdrop-proxies",
            "keywords": [
                "classicpress",
                "wordpress"
            ],
            "support": {
                "issues": "https://github.com/benlumia007/backdrop-proxies/issues",
                "source": "https://github.com/benlumia007/backdrop-proxies/tree/1.0.0"
            },
            "time": "2022-05-28T00:53:38+00:00"
        },
        {
            "name": "benlumia007/backdrop-support",
            "version": "1.0.0",
            "source": {
                "type": "git",
                "url": "https://github.com/benlumia007/backdrop-support.git",
                "reference": "3a095d2c49c49735ab82cdff21036213da9604b7"
            },
            "dist": {
                "type": "zip",
                "url": "https://api.github.com/repos/benlumia007/backdrop-support/zipball/3a095d2c49c49735ab82cdff21036213da9604b7",
                "reference": "3a095d2c49c49735ab82cdff21036213da9604b7",
                "shasum": ""
            },
            "require": {
                "php": ">=7.4.29"
            },
            "type": "library",
            "autoload": {
                "psr-4": {
                    "Benlumia007\\Backdrop\\Support\\": "src"
                }
            },
            "notification-url": "https://packagist.org/downloads/",
            "license": [
                "GPL-2.0-or-later"
            ],
            "authors": [
                {
                    "name": "Benjamin Lu",
                    "email": "benlumia007@gmail.com",
                    "homepage": "https://benjlu.com",
                    "role": "Developer"
                }
            ],
            "description": "Backdrop Contracts for Backdrop framework.",
            "homepage": "https://github.com/benlumia007/backdrop-support",
            "keywords": [
                "classicpress",
                "wordpress"
            ],
            "support": {
                "issues": "https://github.com/benlumia007/backdrop-support/issues",
                "source": "https://github.com/benlumia007/backdrop-support/tree/1.0.0"
            },
            "time": "2022-05-28T04:11:19+00:00"
        }
    ],
    "packages-dev": [],
    "aliases": [],
    "minimum-stability": "stable",
    "stability-flags": [],
    "prefer-stable": false,
    "prefer-lowest": false,
    "platform": {
        "php": ">=7.4"
    },
    "platform-dev": [],
    "plugin-api-version": "2.3.0"
}
