{
    "_readme": [
        "This file locks the dependencies of your project to a known state",
        "Read more about it at https://getcomposer.org/doc/01-basic-usage.md#installing-dependencies",
        "This file is @generated automatically"
    ],
    "content-hash": "ea1ab18b45ff6e615d47d0280bfbbba7",
    "packages": [
        {
            "name": "backdrop-dev/contracts",
            "version": "1.0",
            "source": {
                "type": "git",
                "url": "https://github.com/backdrop-dev/contracts.git",
                "reference": "4dd506178abea2fc83cf80531ebc7af96deb85e8"
            },
            "dist": {
                "type": "zip",
                "url": "https://api.github.com/repos/backdrop-dev/contracts/zipball/4dd506178abea2fc83cf80531ebc7af96deb85e8",
                "reference": "4dd506178abea2fc83cf80531ebc7af96deb85e8",
                "shasum": ""
            },
            "require": {
                "php": ">=7.1"
            },
            "type": "library",
            "autoload": {
                "psr-4": {
                    "Backdrop\\Contracts\\": "src"
                }
            },
            "notification-url": "https://packagist.org/downloads/",
            "license": [
                "GPL-2.0-or-later"
            ],
            "authors": [
                {
                    "name": "Benjamin Lu",
                    "email": "benlumia007@gmail.com",
                    "homepage": "https://benjlu.com",
                    "role": "Developer"
                }
            ],
            "description": "Backdrop Contracts for Backdrop framework.",
            "homepage": "https://github.com/benlumia007/backdrop-contracts",
            "keywords": [
                "classicpress",
                "wordpress"
            ],
            "support": {
                "issues": "https://github.com/benlumia007/backdrop-contracts/issues",
                "source": "https://github.com/backdrop-dev/contracts/tree/1.0"
            },
            "time": "2024-07-16T18:06:26+00:00"
        }
    ],
    "packages-dev": [],
    "aliases": [],
    "minimum-stability": "dev",
    "stability-flags": [],
    "prefer-stable": true,
    "prefer-lowest": false,
    "platform": {
        "php": ">=7.1"
    },
    "platform-dev": [],
    "plugin-api-version": "2.6.0"
}
